
Microsoft Visual Studio Solution File, Format Version 12.00
# Visual Studio Version 17
VisualStudioVersion = 17.7.34202.233
MinimumVisualStudioVersion = 10.0.40219.1
Project("{8BC9CEB8-8B4A-11D0-8D11-00A0C91BC942}") = "test_11_9", "test_11_9.vcxproj", "{46BE14B4-4B5C-48EE-A786-809A50CCED82}"
EndProject
Global
	GlobalSection(SolutionConfigurationPlatforms) = preSolution
		Debug|x64 = Debug|x64
		Debug|x86 = Debug|x86
		Release|x64 = Release|x64
		Release|x86 = Release|x86
	EndGlobalSection
	GlobalSection(ProjectConfigurationPlatforms) = postSolution
		{46BE14B4-4B5C-48EE-A786-809A50CCED82}.Debug|x64.ActiveCfg = Debug|x64
		{46BE14B4-4B5C-48EE-A786-809A50CCED82}.Debug|x64.Build.0 = Debug|x64
		{46BE14B4-4B5C-48EE-A786-809A50CCED82}.Debug|x86.ActiveCfg = Debug|Win32
		{46BE14B4-4B5C-48EE-A786-809A50CCED82}.Debug|x86.Build.0 = Debug|Win32
		{46BE14B4-4B5C-48EE-A786-809A50CCED82}.Release|x64.ActiveCfg = Release|x64
		{46BE14B4-4B5C-48EE-A786-809A50CCED82}.Release|x64.Build.0 = Release|x64
		{46BE14B4-4B5C-48EE-A786-809A50CCED82}.Release|x86.ActiveCfg = Release|Win32
		{46BE14B4-4B5C-48EE-A786-809A50CCED82}.Release|x86.Build.0 = Release|Win32
	EndGlobalSection
	GlobalSection(SolutionProperties) = preSolution
		HideSolutionNode = FALSE
	EndGlobalSection
	GlobalSection(ExtensibilityGlobals) = postSolution
		SolutionGuid = {95C4B132-15D9-4A4F-AF00-1FE376D61DD2}
	EndGlobalSection
EndGlobal
